// !$*UTF8*$!
{
	archiveVersion = 1;
	classes = {
	};
	objectVersion = 46;
	objects = {

/* Begin PBXBuildFile section */
		AA17D4A21ECB710600E260A7 /* NSViewExtension.swift in Sources */ = {isa = PBXBuildFile; fileRef = AA17D4A11ECB710600E260A7 /* NSViewExtension.swift */; };
		AA17D4A51ECB713400E260A7 /* FancyButtonCell.swift in Sources */ = {isa = PBXBuildFile; fileRef = AA17D4A31ECB713400E260A7 /* FancyButtonCell.swift */; };
		AA17D4A61ECB713400E260A7 /* FancyButton.swift in Sources */ = {isa = PBXBuildFile; fileRef = AA17D4A41ECB713400E260A7 /* FancyButton.swift */; };
		AA33867B1EBF3BEA0056354F /* GIFFrame.swift in Sources */ = {isa = PBXBuildFile; fileRef = AA33867A1EBF3BEA0056354F /* GIFFrame.swift */; };
		AA33867E1EBF45970056354F /* SmartTextField.swift in Sources */ = {isa = PBXBuildFile; fileRef = AA33867D1EBF45970056354F /* SmartTextField.swift */; };
		AA45A5491ED8603100D508BC /* ZoomView.swift in Sources */ = {isa = PBXBuildFile; fileRef = AA45A5471ED8603100D508BC /* ZoomView.swift */; };
		AA45A54A1ED8603100D508BC /* PixelImageView.swift in Sources */ = {isa = PBXBuildFile; fileRef = AA45A5481ED8603100D508BC /* PixelImageView.swift */; };
		AA45A54E1ED8604100D508BC /* EditViewController.swift in Sources */ = {isa = PBXBuildFile; fileRef = AA45A54B1ED8604100D508BC /* EditViewController.swift */; };
		AA45A5501ED8604100D508BC /* DrawingOptionsHandler.swift in Sources */ = {isa = PBXBuildFile; fileRef = AA45A54D1ED8604100D508BC /* DrawingOptionsHandler.swift */; };
		AA6D4BB81E7B3DEA00F1B642 /* PreviewViewController.swift in Sources */ = {isa = PBXBuildFile; fileRef = AA6D4BB71E7B3DEA00F1B642 /* PreviewViewController.swift */; };
		AA8F63961E787DE2000965B5 /* AppDelegate.swift in Sources */ = {isa = PBXBuildFile; fileRef = AA8F63951E787DE2000965B5 /* AppDelegate.swift */; };
		AA8F63981E787DE2000965B5 /* ViewController.swift in Sources */ = {isa = PBXBuildFile; fileRef = AA8F63971E787DE2000965B5 /* ViewController.swift */; };
		AA8F639A1E787DE2000965B5 /* Assets.xcassets in Resources */ = {isa = PBXBuildFile; fileRef = AA8F63991E787DE2000965B5 /* Assets.xcassets */; };
		AA8F639D1E787DE2000965B5 /* Main.storyboard in Resources */ = {isa = PBXBuildFile; fileRef = AA8F639B1E787DE2000965B5 /* Main.storyboard */; };
		AA8F63A71E788BEE000965B5 /* GIFHandler.swift in Sources */ = {isa = PBXBuildFile; fileRef = AA8F63A61E788BEE000965B5 /* GIFHandler.swift */; };
		AAA9C4CF1ECCA01A007EC0D4 /* FancyAlert.swift in Sources */ = {isa = PBXBuildFile; fileRef = AAA9C4CE1ECCA01A007EC0D4 /* FancyAlert.swift */; };
		AACB80041E795D5D00A3F195 /* FrameCollectionViewItem.swift in Sources */ = {isa = PBXBuildFile; fileRef = AACB80021E795D5D00A3F195 /* FrameCollectionViewItem.swift */; };
		AACB80051E795D5D00A3F195 /* FrameCollectionViewItem.xib in Resources */ = {isa = PBXBuildFile; fileRef = AACB80031E795D5D00A3F195 /* FrameCollectionViewItem.xib */; };
		AACB80081E796A7400A3F195 /* DragNotificationImageView.swift in Sources */ = {isa = PBXBuildFile; fileRef = AACB80071E796A7400A3F195 /* DragNotificationImageView.swift */; };
/* End PBXBuildFile section */

/* Begin PBXFileReference section */
		AA17D4A11ECB710600E260A7 /* NSViewExtension.swift */ = {isa = PBXFileReference; fileEncoding = 4; lastKnownFileType = sourcecode.swift; path = NSViewExtension.swift; sourceTree = "<group>"; };
		AA17D4A31ECB713400E260A7 /* FancyButtonCell.swift */ = {isa = PBXFileReference; fileEncoding = 4; lastKnownFileType = sourcecode.swift; path = FancyButtonCell.swift; sourceTree = "<group>"; };
		AA17D4A41ECB713400E260A7 /* FancyButton.swift */ = {isa = PBXFileReference; fileEncoding = 4; lastKnownFileType = sourcecode.swift; path = FancyButton.swift; sourceTree = "<group>"; };
		AA33867A1EBF3BEA0056354F /* GIFFrame.swift */ = {isa = PBXFileReference; fileEncoding = 4; lastKnownFileType = sourcecode.swift; path = GIFFrame.swift; sourceTree = "<group>"; };
		AA33867D1EBF45970056354F /* SmartTextField.swift */ = {isa = PBXFileReference; fileEncoding = 4; lastKnownFileType = sourcecode.swift; path = SmartTextField.swift; sourceTree = "<group>"; };
		AA45A5471ED8603100D508BC /* ZoomView.swift */ = {isa = PBXFileReference; fileEncoding = 4; lastKnownFileType = sourcecode.swift; path = ZoomView.swift; sourceTree = "<group>"; };
		AA45A5481ED8603100D508BC /* PixelImageView.swift */ = {isa = PBXFileReference; fileEncoding = 4; lastKnownFileType = sourcecode.swift; path = PixelImageView.swift; sourceTree = "<group>"; };
		AA45A54B1ED8604100D508BC /* EditViewController.swift */ = {isa = PBXFileReference; fileEncoding = 4; lastKnownFileType = sourcecode.swift; path = EditViewController.swift; sourceTree = "<group>"; };
		AA45A54D1ED8604100D508BC /* DrawingOptionsHandler.swift */ = {isa = PBXFileReference; fileEncoding = 4; lastKnownFileType = sourcecode.swift; path = DrawingOptionsHandler.swift; sourceTree = "<group>"; };
		AA6D4BB71E7B3DEA00F1B642 /* PreviewViewController.swift */ = {isa = PBXFileReference; fileEncoding = 4; lastKnownFileType = sourcecode.swift; path = PreviewViewController.swift; sourceTree = "<group>"; };
		AA8F63921E787DE2000965B5 /* Smart GIF Maker.app */ = {isa = PBXFileReference; explicitFileType = wrapper.application; includeInIndex = 0; path = "Smart GIF Maker.app"; sourceTree = BUILT_PRODUCTS_DIR; };
		AA8F63951E787DE2000965B5 /* AppDelegate.swift */ = {isa = PBXFileReference; lastKnownFileType = sourcecode.swift; path = AppDelegate.swift; sourceTree = "<group>"; };
		AA8F63971E787DE2000965B5 /* ViewController.swift */ = {isa = PBXFileReference; lastKnownFileType = sourcecode.swift; path = ViewController.swift; sourceTree = "<group>"; };
		AA8F63991E787DE2000965B5 /* Assets.xcassets */ = {isa = PBXFileReference; lastKnownFileType = folder.assetcatalog; path = Assets.xcassets; sourceTree = "<group>"; };
		AA8F639C1E787DE2000965B5 /* Base */ = {isa = PBXFileReference; lastKnownFileType = file.storyboard; name = Base; path = Base.lproj/Main.storyboard; sourceTree = "<group>"; };
		AA8F639E1E787DE2000965B5 /* Info.plist */ = {isa = PBXFileReference; lastKnownFileType = text.plist.xml; path = Info.plist; sourceTree = "<group>"; };
		AA8F63A61E788BEE000965B5 /* GIFHandler.swift */ = {isa = PBXFileReference; fileEncoding = 4; lastKnownFileType = sourcecode.swift; path = GIFHandler.swift; sourceTree = "<group>"; };
		AAA9C4CE1ECCA01A007EC0D4 /* FancyAlert.swift */ = {isa = PBXFileReference; fileEncoding = 4; lastKnownFileType = sourcecode.swift; path = FancyAlert.swift; sourceTree = "<group>"; };
		AAC9B9B21E799DD70096A497 /* GIF.entitlements */ = {isa = PBXFileReference; lastKnownFileType = text.plist.entitlements; path = GIF.entitlements; sourceTree = "<group>"; };
		AACB80021E795D5D00A3F195 /* FrameCollectionViewItem.swift */ = {isa = PBXFileReference; fileEncoding = 4; lastKnownFileType = sourcecode.swift; path = FrameCollectionViewItem.swift; sourceTree = "<group>"; };
		AACB80031E795D5D00A3F195 /* FrameCollectionViewItem.xib */ = {isa = PBXFileReference; fileEncoding = 4; lastKnownFileType = file.xib; path = FrameCollectionViewItem.xib; sourceTree = "<group>"; };
		AACB80071E796A7400A3F195 /* DragNotificationImageView.swift */ = {isa = PBXFileReference; fileEncoding = 4; lastKnownFileType = sourcecode.swift; path = DragNotificationImageView.swift; sourceTree = "<group>"; };
/* End PBXFileReference section */

/* Begin PBXFrameworksBuildPhase section */
		AA8F638F1E787DE2000965B5 /* Frameworks */ = {
			isa = PBXFrameworksBuildPhase;
			buildActionMask = 2147483647;
			files = (
			);
			runOnlyForDeploymentPostprocessing = 0;
		};
/* End PBXFrameworksBuildPhase section */

/* Begin PBXGroup section */
		AA33867C1EBF3BF10056354F /* GIF classes */ = {
			isa = PBXGroup;
			children = (
				AA8F63A61E788BEE000965B5 /* GIFHandler.swift */,
				AA33867A1EBF3BEA0056354F /* GIFFrame.swift */,
			);
			name = "GIF classes";
			sourceTree = "<group>";
		};
		AA45A5511ED8604400D508BC /* ViewControllers */ = {
			isa = PBXGroup;
			children = (
				AA8F63971E787DE2000965B5 /* ViewController.swift */,
				AA6D4BB71E7B3DEA00F1B642 /* PreviewViewController.swift */,
				AA45A5521ED867A100D508BC /* Edit */,
			);
			name = ViewControllers;
			sourceTree = "<group>";
		};
		AA45A5521ED867A100D508BC /* Edit */ = {
			isa = PBXGroup;
			children = (
				AA45A54B1ED8604100D508BC /* EditViewController.swift */,
				AA45A54D1ED8604100D508BC /* DrawingOptionsHandler.swift */,
			);
			name = Edit;
			sourceTree = "<group>";
		};
		AA8F63891E787DE2000965B5 = {
			isa = PBXGroup;
			children = (
				AA8F63941E787DE2000965B5 /* GIF */,
				AA8F63931E787DE2000965B5 /* Products */,
			);
			sourceTree = "<group>";
		};
		AA8F63931E787DE2000965B5 /* Products */ = {
			isa = PBXGroup;
			children = (
				AA8F63921E787DE2000965B5 /* Smart GIF Maker.app */,
			);
			name = Products;
			sourceTree = "<group>";
		};
		AA8F63941E787DE2000965B5 /* GIF */ = {
			isa = PBXGroup;
			children = (
				AAC9B9B21E799DD70096A497 /* GIF.entitlements */,
				AA8F63991E787DE2000965B5 /* Assets.xcassets */,
				AA8F639B1E787DE2000965B5 /* Main.storyboard */,
				AA8F639E1E787DE2000965B5 /* Info.plist */,
				AA8F63951E787DE2000965B5 /* AppDelegate.swift */,
				AA45A5511ED8604400D508BC /* ViewControllers */,
				AA33867C1EBF3BF10056354F /* GIF classes */,
				AACB80061E795D7200A3F195 /* UI */,
			);
			path = GIF;
			sourceTree = "<group>";
		};
		AACB80061E795D7200A3F195 /* UI */ = {
			isa = PBXGroup;
			children = (
				AA45A5471ED8603100D508BC /* ZoomView.swift */,
				AA45A5481ED8603100D508BC /* PixelImageView.swift */,
				AAA9C4CE1ECCA01A007EC0D4 /* FancyAlert.swift */,
				AA17D4A31ECB713400E260A7 /* FancyButtonCell.swift */,
				AA17D4A41ECB713400E260A7 /* FancyButton.swift */,
				AA17D4A11ECB710600E260A7 /* NSViewExtension.swift */,
				AA33867D1EBF45970056354F /* SmartTextField.swift */,
				AACB80071E796A7400A3F195 /* DragNotificationImageView.swift */,
				AACB80021E795D5D00A3F195 /* FrameCollectionViewItem.swift */,
				AACB80031E795D5D00A3F195 /* FrameCollectionViewItem.xib */,
			);
			name = UI;
			sourceTree = "<group>";
		};
/* End PBXGroup section */

/* Begin PBXNativeTarget section */
		AA8F63911E787DE2000965B5 /* Smart GIF Maker */ = {
			isa = PBXNativeTarget;
			buildConfigurationList = AA8F63A11E787DE2000965B5 /* Build configuration list for PBXNativeTarget "Smart GIF Maker" */;
			buildPhases = (
				AA8F638E1E787DE2000965B5 /* Sources */,
				AA8F638F1E787DE2000965B5 /* Frameworks */,
				AA8F63901E787DE2000965B5 /* Resources */,
			);
			buildRules = (
			);
			dependencies = (
			);
			name = "Smart GIF Maker";
			productName = GIF;
			productReference = AA8F63921E787DE2000965B5 /* Smart GIF Maker.app */;
			productType = "com.apple.product-type.application";
		};
/* End PBXNativeTarget section */

/* Begin PBXProject section */
		AA8F638A1E787DE2000965B5 /* Project object */ = {
			isa = PBXProject;
			attributes = {
				LastSwiftUpdateCheck = 0820;
				LastUpgradeCheck = 0820;
				ORGANIZATIONNAME = "Christian Lundtofte";
				TargetAttributes = {
					AA8F63911E787DE2000965B5 = {
						CreatedOnToolsVersion = 8.2.1;
						DevelopmentTeam = ZRKANV2HV4;
						ProvisioningStyle = Automatic;
						SystemCapabilities = {
							com.apple.Sandbox = {
								enabled = 1;
							};
						};
					};
				};
			};
			buildConfigurationList = AA8F638D1E787DE2000965B5 /* Build configuration list for PBXProject "Smart GIF Maker" */;
			compatibilityVersion = "Xcode 3.2";
			developmentRegion = English;
			hasScannedForEncodings = 0;
			knownRegions = (
				en,
				Base,
			);
			mainGroup = AA8F63891E787DE2000965B5;
			productRefGroup = AA8F63931E787DE2000965B5 /* Products */;
			projectDirPath = "";
			projectRoot = "";
			targets = (
				AA8F63911E787DE2000965B5 /* Smart GIF Maker */,
			);
		};
/* End PBXProject section */

/* Begin PBXResourcesBuildPhase section */
		AA8F63901E787DE2000965B5 /* Resources */ = {
			isa = PBXResourcesBuildPhase;
			buildActionMask = 2147483647;
			files = (
				AACB80051E795D5D00A3F195 /* FrameCollectionViewItem.xib in Resources */,
				AA8F639A1E787DE2000965B5 /* Assets.xcassets in Resources */,
				AA8F639D1E787DE2000965B5 /* Main.storyboard in Resources */,
			);
			runOnlyForDeploymentPostprocessing = 0;
		};
/* End PBXResourcesBuildPhase section */

/* Begin PBXSourcesBuildPhase section */
		AA8F638E1E787DE2000965B5 /* Sources */ = {
			isa = PBXSourcesBuildPhase;
			buildActionMask = 2147483647;
			files = (
				AAA9C4CF1ECCA01A007EC0D4 /* FancyAlert.swift in Sources */,
				AA8F63981E787DE2000965B5 /* ViewController.swift in Sources */,
				AA45A5491ED8603100D508BC /* ZoomView.swift in Sources */,
				AACB80081E796A7400A3F195 /* DragNotificationImageView.swift in Sources */,
				AA17D4A21ECB710600E260A7 /* NSViewExtension.swift in Sources */,
				AA45A54E1ED8604100D508BC /* EditViewController.swift in Sources */,
				AA45A54A1ED8603100D508BC /* PixelImageView.swift in Sources */,
				AA8F63961E787DE2000965B5 /* AppDelegate.swift in Sources */,
				AA17D4A61ECB713400E260A7 /* FancyButton.swift in Sources */,
				AA33867B1EBF3BEA0056354F /* GIFFrame.swift in Sources */,
				AACB80041E795D5D00A3F195 /* FrameCollectionViewItem.swift in Sources */,
				AA8F63A71E788BEE000965B5 /* GIFHandler.swift in Sources */,
				AA45A5501ED8604100D508BC /* DrawingOptionsHandler.swift in Sources */,
				AA6D4BB81E7B3DEA00F1B642 /* PreviewViewController.swift in Sources */,
				AA33867E1EBF45970056354F /* SmartTextField.swift in Sources */,
				AA17D4A51ECB713400E260A7 /* FancyButtonCell.swift in Sources */,
			);
			runOnlyForDeploymentPostprocessing = 0;
		};
/* End PBXSourcesBuildPhase section */

/* Begin PBXVariantGroup section */
		AA8F639B1E787DE2000965B5 /* Main.storyboard */ = {
			isa = PBXVariantGroup;
			children = (
				AA8F639C1E787DE2000965B5 /* Base */,
			);
			name = Main.storyboard;
			sourceTree = "<group>";
		};
/* End PBXVariantGroup section */

/* Begin XCBuildConfiguration section */
		AA8F639F1E787DE2000965B5 /* Debug */ = {
			isa = XCBuildConfiguration;
			buildSettings = {
				ALWAYS_SEARCH_USER_PATHS = NO;
				CLANG_ANALYZER_NONNULL = YES;
				CLANG_CXX_LANGUAGE_STANDARD = "gnu++0x";
				CLANG_CXX_LIBRARY = "libc++";
				CLANG_ENABLE_MODULES = YES;
				CLANG_ENABLE_OBJC_ARC = YES;
				CLANG_WARN_BOOL_CONVERSION = YES;
				CLANG_WARN_CONSTANT_CONVERSION = YES;
				CLANG_WARN_DIRECT_OBJC_ISA_USAGE = YES_ERROR;
				CLANG_WARN_DOCUMENTATION_COMMENTS = YES;
				CLANG_WARN_EMPTY_BODY = YES;
				CLANG_WARN_ENUM_CONVERSION = YES;
				CLANG_WARN_INFINITE_RECURSION = YES;
				CLANG_WARN_INT_CONVERSION = YES;
				CLANG_WARN_OBJC_ROOT_CLASS = YES_ERROR;
				CLANG_WARN_SUSPICIOUS_MOVE = YES;
				CLANG_WARN_UNREACHABLE_CODE = YES;
				CLANG_WARN__DUPLICATE_METHOD_MATCH = YES;
				CODE_SIGN_IDENTITY = "-";
				COPY_PHASE_STRIP = NO;
				DEBUG_INFORMATION_FORMAT = dwarf;
				ENABLE_STRICT_OBJC_MSGSEND = YES;
				ENABLE_TESTABILITY = YES;
				GCC_C_LANGUAGE_STANDARD = gnu99;
				GCC_DYNAMIC_NO_PIC = NO;
				GCC_NO_COMMON_BLOCKS = YES;
				GCC_OPTIMIZATION_LEVEL = 0;
				GCC_PREPROCESSOR_DEFINITIONS = (
					"DEBUG=1",
					"$(inherited)",
				);
				GCC_WARN_64_TO_32_BIT_CONVERSION = YES;
				GCC_WARN_ABOUT_RETURN_TYPE = YES_ERROR;
				GCC_WARN_UNDECLARED_SELECTOR = YES;
				GCC_WARN_UNINITIALIZED_AUTOS = YES_AGGRESSIVE;
				GCC_WARN_UNUSED_FUNCTION = YES;
				GCC_WARN_UNUSED_VARIABLE = YES;
				MACOSX_DEPLOYMENT_TARGET = 10.12;
				MTL_ENABLE_DEBUG_INFO = YES;
				ONLY_ACTIVE_ARCH = YES;
				SDKROOT = macosx;
				SWIFT_ACTIVE_COMPILATION_CONDITIONS = DEBUG;
				SWIFT_OPTIMIZATION_LEVEL = "-Onone";
			};
			name = Debug;
		};
		AA8F63A01E787DE2000965B5 /* Release */ = {
			isa = XCBuildConfiguration;
			buildSettings = {
				ALWAYS_SEARCH_USER_PATHS = NO;
				CLANG_ANALYZER_NONNULL = YES;
				CLANG_CXX_LANGUAGE_STANDARD = "gnu++0x";
				CLANG_CXX_LIBRARY = "libc++";
				CLANG_ENABLE_MODULES = YES;
				CLANG_ENABLE_OBJC_ARC = YES;
				CLANG_WARN_BOOL_CONVERSION = YES;
				CLANG_WARN_CONSTANT_CONVERSION = YES;
				CLANG_WARN_DIRECT_OBJC_ISA_USAGE = YES_ERROR;
				CLANG_WARN_DOCUMENTATION_COMMENTS = YES;
				CLANG_WARN_EMPTY_BODY = YES;
				CLANG_WARN_ENUM_CONVERSION = YES;
				CLANG_WARN_INFINITE_RECURSION = YES;
				CLANG_WARN_INT_CONVERSION = YES;
				CLANG_WARN_OBJC_ROOT_CLASS = YES_ERROR;
				CLANG_WARN_SUSPICIOUS_MOVE = YES;
				CLANG_WARN_UNREACHABLE_CODE = YES;
				CLANG_WARN__DUPLICATE_METHOD_MATCH = YES;
				CODE_SIGN_IDENTITY = "-";
				COPY_PHASE_STRIP = NO;
				DEBUG_INFORMATION_FORMAT = "dwarf-with-dsym";
				ENABLE_NS_ASSERTIONS = NO;
				ENABLE_STRICT_OBJC_MSGSEND = YES;
				GCC_C_LANGUAGE_STANDARD = gnu99;
				GCC_NO_COMMON_BLOCKS = YES;
				GCC_WARN_64_TO_32_BIT_CONVERSION = YES;
				GCC_WARN_ABOUT_RETURN_TYPE = YES_ERROR;
				GCC_WARN_UNDECLARED_SELECTOR = YES;
				GCC_WARN_UNINITIALIZED_AUTOS = YES_AGGRESSIVE;
				GCC_WARN_UNUSED_FUNCTION = YES;
				GCC_WARN_UNUSED_VARIABLE = YES;
				MACOSX_DEPLOYMENT_TARGET = 10.12;
				MTL_ENABLE_DEBUG_INFO = NO;
				SDKROOT = macosx;
				SWIFT_OPTIMIZATION_LEVEL = "-Owholemodule";
			};
			name = Release;
		};
		AA8F63A21E787DE2000965B5 /* Debug */ = {
			isa = XCBuildConfiguration;
			buildSettings = {
				ASSETCATALOG_COMPILER_APPICON_NAME = AppIcon;
				CODE_SIGN_ENTITLEMENTS = GIF/GIF.entitlements;
				COMBINE_HIDPI_IMAGES = YES;
				DEVELOPMENT_TEAM = ZRKANV2HV4;
				INFOPLIST_FILE = GIF/Info.plist;
				LD_RUNPATH_SEARCH_PATHS = "$(inherited) @executable_path/../Frameworks";
				PRODUCT_BUNDLE_IDENTIFIER = com.iMakezAppz.GIF;
				PRODUCT_NAME = "$(TARGET_NAME)";
				SWIFT_VERSION = 3.0;
			};
			name = Debug;
		};
		AA8F63A31E787DE2000965B5 /* Release */ = {
			isa = XCBuildConfiguration;
			buildSettings = {
				ASSETCATALOG_COMPILER_APPICON_NAME = AppIcon;
				CODE_SIGN_ENTITLEMENTS = GIF/GIF.entitlements;
				COMBINE_HIDPI_IMAGES = YES;
				DEVELOPMENT_TEAM = ZRKANV2HV4;
				INFOPLIST_FILE = GIF/Info.plist;
				LD_RUNPATH_SEARCH_PATHS = "$(inherited) @executable_path/../Frameworks";
				PRODUCT_BUNDLE_IDENTIFIER = com.iMakezAppz.GIF;
				PRODUCT_NAME = "$(TARGET_NAME)";
				SWIFT_VERSION = 3.0;
			};
			name = Release;
		};
/* End XCBuildConfiguration section */

/* Begin XCConfigurationList section */
		AA8F638D1E787DE2000965B5 /* Build configuration list for PBXProject "Smart GIF Maker" */ = {
			isa = XCConfigurationList;
			buildConfigurations = (
				AA8F639F1E787DE2000965B5 /* Debug */,
				AA8F63A01E787DE2000965B5 /* Release */,
			);
			defaultConfigurationIsVisible = 0;
			defaultConfigurationName = Release;
		};
		AA8F63A11E787DE2000965B5 /* Build configuration list for PBXNativeTarget "Smart GIF Maker" */ = {
			isa = XCConfigurationList;
			buildConfigurations = (
				AA8F63A21E787DE2000965B5 /* Debug */,
				AA8F63A31E787DE2000965B5 /* Release */,
			);
			defaultConfigurationIsVisible = 0;
			defaultConfigurationName = Release;
		};
/* End XCConfigurationList section */
	};
	rootObject = AA8F638A1E787DE2000965B5 /* Project object */;
}
